<?xml version="1.0" encoding="utf-8"?>
<Project ToolsVersion="16.0" xmlns="http://schemas.microsoft.com/developer/msbuild/2003">
  <ItemGroup>
    <CustomBuild Include="C:\Users\zhaojun\Downloads\glm-0.9.9.8\CMakeFiles\b55759c542c28df94f735a307f326d18\RUN_TESTS_force.rule">
      <Filter>CMake Rules</Filter>
    </CustomBuild>
  </ItemGroup>
  <ItemGroup>
    <Filter Include="CMake Rules">
      <UniqueIdentifier>{34FDAFCF-B649-3A85-9CF4-7DC9752047F0}</UniqueIdentifier>
    </Filter>
  </ItemGroup>
</Project>
